
Microsoft Visual Studio Solution File, Format Version 12.00
# Visual Studio 15
VisualStudioVersion = 15.0.26730.8
MinimumVisualStudioVersion = 10.0.40219.1
Project("{2150E333-8FDC-42A3-9474-1A3956D46DE8}") = "1. Web", "1. Web", "{E9E0E23C-8584-46E1-9C51-33C3E699A39C}"
EndProject
Project("{9A19103F-16F7-4668-BE54-9A1E7A4F7556}") = "Monkey", "Monkey\Monkey.csproj", "{FDAF49AC-B1D2-492C-A7E7-137EA19BB00C}"
	ProjectSection(ProjectDependencies) = postProject
		{0F5BE69E-8BF1-45A2-8027-7BE66B0E9E48} = {0F5BE69E-8BF1-45A2-8027-7BE66B0E9E48}
	EndProjectSection
EndProject
Project("{2150E333-8FDC-42A3-9474-1A3956D46DE8}") = "2. Services", "2. Services", "{61D58289-3E2A-4D42-969D-F71CFC28D462}"
EndProject
Project("{9A19103F-16F7-4668-BE54-9A1E7A4F7556}") = "Monkey.Service", "Monkey.Service\Monkey.Service.csproj", "{E88A84C2-6E76-4535-ACB6-59605DE8A80A}"
EndProject
Project("{9A19103F-16F7-4668-BE54-9A1E7A4F7556}") = "Monkey.Service.Facade", "Monkey.Service.Facade\Monkey.Service.Facade.csproj", "{3EB28BF2-4207-4520-A73E-8D1093665814}"
EndProject
Project("{2150E333-8FDC-42A3-9474-1A3956D46DE8}") = "3. Business", "3. Business", "{9ABEABAC-0375-4CAA-9166-577A74878433}"
EndProject
Project("{9A19103F-16F7-4668-BE54-9A1E7A4F7556}") = "Monkey.Business", "Monkey.Business\Monkey.Business.csproj", "{BA4FB700-3F62-4054-A53A-B7FCDD2C60C0}"
EndProject
Project("{9A19103F-16F7-4668-BE54-9A1E7A4F7556}") = "Monkey.Business.Logic", "Monkey.Business.Logic\Monkey.Business.Logic.csproj", "{8C5FE621-7A92-4942-959C-752BE6D8F074}"
EndProject
Project("{2150E333-8FDC-42A3-9474-1A3956D46DE8}") = "4. Data", "4. Data", "{51CABEFC-3C8B-4599-88FB-D3E29734B372}"
EndProject
Project("{9A19103F-16F7-4668-BE54-9A1E7A4F7556}") = "Monkey.Data", "Monkey.Data\Monkey.Data.csproj", "{4C2BA34E-B545-48CC-8C80-E8B1C41605DE}"
EndProject
Project("{9A19103F-16F7-4668-BE54-9A1E7A4F7556}") = "Monkey.Data.EF", "Monkey.Data.EF\Monkey.Data.EF.csproj", "{54131D1D-4721-49B8-8CD5-18B4E194782A}"
EndProject
Project("{2150E333-8FDC-42A3-9474-1A3956D46DE8}") = "5. Cross", "5. Cross", "{6126AA32-418B-454E-BB37-4478C308E5AD}"
EndProject
Project("{9A19103F-16F7-4668-BE54-9A1E7A4F7556}") = "Monkey.Core", "Monkey.Core\Monkey.Core.csproj", "{3DAA7A7B-00D3-4441-B7BA-3333A49F3C5F}"
EndProject
Project("{9A19103F-16F7-4668-BE54-9A1E7A4F7556}") = "Monkey.Model", "Monkey.Model\Monkey.Model.csproj", "{82575A15-45C5-41B0-BABC-4ADC8549DA98}"
EndProject
Project("{9A19103F-16F7-4668-BE54-9A1E7A4F7556}") = "Monkey.Mapper", "Monkey.Mapper\Monkey.Mapper.csproj", "{E38F476E-97F9-4CC9-8C69-01A099A53A2F}"
EndProject
Project("{2150E333-8FDC-42A3-9474-1A3956D46DE8}") = "Frameworks", "Frameworks", "{1BAE0076-5EFF-432E-AB14-06CC66B6BF90}"
EndProject
Project("{9A19103F-16F7-4668-BE54-9A1E7A4F7556}") = "Puppy.Core", "..\Puppy\Puppy.Core\Puppy.Core.csproj", "{7699C430-9AC4-43EB-9887-4E8006FC2CC4}"
EndProject
Project("{9A19103F-16F7-4668-BE54-9A1E7A4F7556}") = "Puppy.DependencyInjection", "..\Puppy\Puppy.DependencyInjection\Puppy.DependencyInjection.csproj", "{5B12EE7E-D344-4F54-A0BE-146D2BA20D41}"
EndProject
Project("{9A19103F-16F7-4668-BE54-9A1E7A4F7556}") = "Puppy.EF", "..\Puppy\Puppy.EF\Puppy.EF.csproj", "{0F5BE69E-8BF1-45A2-8027-7BE66B0E9E48}"
EndProject
Project("{9A19103F-16F7-4668-BE54-9A1E7A4F7556}") = "Puppy.Web", "..\Puppy\Puppy.Web\Puppy.Web.csproj", "{6B085380-C6B5-4864-A461-028722127DBD}"
EndProject
Project("{9A19103F-16F7-4668-BE54-9A1E7A4F7556}") = "Puppy.AutoMapper", "..\Puppy\Puppy.AutoMapper\Puppy.AutoMapper.csproj", "{5414E358-EFFD-45F8-9654-FAD40D768EDC}"
EndProject
Project("{9A19103F-16F7-4668-BE54-9A1E7A4F7556}") = "Puppy.Elastic", "..\Puppy\Puppy.Elastic\Puppy.Elastic.csproj", "{1CB5C99F-7106-4141-AF46-CC7879921558}"
EndProject
Project("{9A19103F-16F7-4668-BE54-9A1E7A4F7556}") = "Puppy.Coordinate", "..\Puppy\Puppy.Coordinate\Puppy.Coordinate.csproj", "{ED5A3A56-E503-45A8-A383-115385348AF2}"
EndProject
Project("{9A19103F-16F7-4668-BE54-9A1E7A4F7556}") = "Puppy.OneSignal", "..\Puppy\Puppy.OneSignal\Puppy.OneSignal.csproj", "{51AD9E1F-0140-4976-B73E-99C04FD71814}"
EndProject
Project("{2150E333-8FDC-42A3-9474-1A3956D46DE8}") = "Core", "Core", "{AE8D5911-02EB-4D85-8D84-100EE0C73E08}"
EndProject
Project("{2150E333-8FDC-42A3-9474-1A3956D46DE8}") = "Web", "Web", "{8F3FB4A4-9288-4E11-B047-819F90D5D787}"
EndProject
Project("{2150E333-8FDC-42A3-9474-1A3956D46DE8}") = "Mapper", "Mapper", "{BEFB30F0-6FE2-49AA-B909-F18142D4FD12}"
EndProject
Project("{2150E333-8FDC-42A3-9474-1A3956D46DE8}") = "Coordinate", "Coordinate", "{6BD649FC-056A-4BBF-81CC-0D9CD2DB6176}"
EndProject
Project("{2150E333-8FDC-42A3-9474-1A3956D46DE8}") = "DependencyInjection", "DependencyInjection", "{E876442F-FF0F-415F-86DD-E530E380FA1F}"
EndProject
Project("{2150E333-8FDC-42A3-9474-1A3956D46DE8}") = "Search", "Search", "{B865847D-4BFB-4892-A387-AA976789280E}"
EndProject
Project("{2150E333-8FDC-42A3-9474-1A3956D46DE8}") = "Data", "Data", "{B5026B5C-7D7F-4E2F-84CD-A28753FE6CE9}"
EndProject
Project("{2150E333-8FDC-42A3-9474-1A3956D46DE8}") = "PushNotification", "PushNotification", "{7939367A-B09F-4156-868E-DD3479E9C3DD}"
EndProject
Project("{9A19103F-16F7-4668-BE54-9A1E7A4F7556}") = "Puppy.GoogleMap", "..\Puppy\Puppy.GoogleMap\Puppy.GoogleMap.csproj", "{DB26A32C-80F0-45C1-ABD7-8A764BB02FD2}"
EndProject
Project("{2150E333-8FDC-42A3-9474-1A3956D46DE8}") = "Social", "Social", "{FA33E82F-D198-409B-8CF0-3175C41FF376}"
EndProject
Project("{9A19103F-16F7-4668-BE54-9A1E7A4F7556}") = "Puppy.Instagram", "..\Puppy\Puppy.Instagram\Puppy.Instagram.csproj", "{368826F0-732A-4BFB-8201-2A66424FFC8C}"
EndProject
Project("{2150E333-8FDC-42A3-9474-1A3956D46DE8}") = "Tool", "Tool", "{C0A99CEA-B726-45F3-8BA4-C14D73F7AE67}"
EndProject
Project("{9A19103F-16F7-4668-BE54-9A1E7A4F7556}") = "Puppy.Cleaner", "..\Puppy\Puppy.Cleaner\Puppy.Cleaner.csproj", "{B351070B-C3C0-44B4-8C6F-98D03630BBF0}"
EndProject
Project("{9A19103F-16F7-4668-BE54-9A1E7A4F7556}") = "Puppy.Cloner", "..\Puppy\Puppy.Cloner\Puppy.Cloner.csproj", "{79ED2AB5-6B4C-4854-9C3A-49321916C49A}"
EndProject
Project("{9A19103F-16F7-4668-BE54-9A1E7A4F7556}") = "Puppy.Swagger", "..\Puppy\Puppy.Swagger\Puppy.Swagger.csproj", "{18C185D7-8DC7-4195-BCA7-B3329CA76C66}"
EndProject
Project("{2150E333-8FDC-42A3-9474-1A3956D46DE8}") = "Cache", "Cache", "{D1573FBD-33B4-44DC-B289-480EB6B791B6}"
EndProject
Project("{9A19103F-16F7-4668-BE54-9A1E7A4F7556}") = "Puppy.Redis", "..\Puppy\Puppy.Redis\Puppy.Redis.csproj", "{81420E45-C0E5-4C42-8A6B-919014B951B5}"
EndProject
Project("{2150E333-8FDC-42A3-9474-1A3956D46DE8}") = "BackgroundJob", "BackgroundJob", "{3DB6AB5B-FAF8-4DE9-BA40-109075669AFA}"
EndProject
Project("{9A19103F-16F7-4668-BE54-9A1E7A4F7556}") = "Puppy.Hangfire", "..\Puppy\Puppy.Hangfire\Puppy.Hangfire.csproj", "{98C27193-2F71-474D-B3D3-8BA084EBD115}"
EndProject
Project("{2150E333-8FDC-42A3-9474-1A3956D46DE8}") = "Logger", "Logger", "{F1E65356-CCD1-4C2C-9FF4-85C64352F2F8}"
EndProject
Project("{9A19103F-16F7-4668-BE54-9A1E7A4F7556}") = "Puppy.Logger", "..\Puppy\Puppy.Logger\Puppy.Logger.csproj", "{6EAB5380-6752-4823-A219-979A7B141D9B}"
EndProject
Project("{9A19103F-16F7-4668-BE54-9A1E7A4F7556}") = "Puppy.Logger.Core", "..\Puppy\Puppy.Logger.Core\Puppy.Logger.Core.csproj", "{5EFF4EA2-3C57-4811-A304-17D044A4563F}"
EndProject
Global
	GlobalSection(SolutionConfigurationPlatforms) = preSolution
		Debug|Any CPU = Debug|Any CPU
		Release|Any CPU = Release|Any CPU
	EndGlobalSection
	GlobalSection(ProjectConfigurationPlatforms) = postSolution
		{FDAF49AC-B1D2-492C-A7E7-137EA19BB00C}.Debug|Any CPU.ActiveCfg = Debug|Any CPU
		{FDAF49AC-B1D2-492C-A7E7-137EA19BB00C}.Debug|Any CPU.Build.0 = Debug|Any CPU
		{FDAF49AC-B1D2-492C-A7E7-137EA19BB00C}.Release|Any CPU.ActiveCfg = Release|Any CPU
		{FDAF49AC-B1D2-492C-A7E7-137EA19BB00C}.Release|Any CPU.Build.0 = Release|Any CPU
		{E88A84C2-6E76-4535-ACB6-59605DE8A80A}.Debug|Any CPU.ActiveCfg = Debug|Any CPU
		{E88A84C2-6E76-4535-ACB6-59605DE8A80A}.Debug|Any CPU.Build.0 = Debug|Any CPU
		{E88A84C2-6E76-4535-ACB6-59605DE8A80A}.Release|Any CPU.ActiveCfg = Release|Any CPU
		{E88A84C2-6E76-4535-ACB6-59605DE8A80A}.Release|Any CPU.Build.0 = Release|Any CPU
		{3EB28BF2-4207-4520-A73E-8D1093665814}.Debug|Any CPU.ActiveCfg = Debug|Any CPU
		{3EB28BF2-4207-4520-A73E-8D1093665814}.Debug|Any CPU.Build.0 = Debug|Any CPU
		{3EB28BF2-4207-4520-A73E-8D1093665814}.Release|Any CPU.ActiveCfg = Release|Any CPU
		{3EB28BF2-4207-4520-A73E-8D1093665814}.Release|Any CPU.Build.0 = Release|Any CPU
		{BA4FB700-3F62-4054-A53A-B7FCDD2C60C0}.Debug|Any CPU.ActiveCfg = Debug|Any CPU
		{BA4FB700-3F62-4054-A53A-B7FCDD2C60C0}.Debug|Any CPU.Build.0 = Debug|Any CPU
		{BA4FB700-3F62-4054-A53A-B7FCDD2C60C0}.Release|Any CPU.ActiveCfg = Release|Any CPU
		{BA4FB700-3F62-4054-A53A-B7FCDD2C60C0}.Release|Any CPU.Build.0 = Release|Any CPU
		{8C5FE621-7A92-4942-959C-752BE6D8F074}.Debug|Any CPU.ActiveCfg = Debug|Any CPU
		{8C5FE621-7A92-4942-959C-752BE6D8F074}.Debug|Any CPU.Build.0 = Debug|Any CPU
		{8C5FE621-7A92-4942-959C-752BE6D8F074}.Release|Any CPU.ActiveCfg = Release|Any CPU
		{8C5FE621-7A92-4942-959C-752BE6D8F074}.Release|Any CPU.Build.0 = Release|Any CPU
		{4C2BA34E-B545-48CC-8C80-E8B1C41605DE}.Debug|Any CPU.ActiveCfg = Debug|Any CPU
		{4C2BA34E-B545-48CC-8C80-E8B1C41605DE}.Debug|Any CPU.Build.0 = Debug|Any CPU
		{4C2BA34E-B545-48CC-8C80-E8B1C41605DE}.Release|Any CPU.ActiveCfg = Release|Any CPU
		{4C2BA34E-B545-48CC-8C80-E8B1C41605DE}.Release|Any CPU.Build.0 = Release|Any CPU
		{54131D1D-4721-49B8-8CD5-18B4E194782A}.Debug|Any CPU.ActiveCfg = Debug|Any CPU
		{54131D1D-4721-49B8-8CD5-18B4E194782A}.Debug|Any CPU.Build.0 = Debug|Any CPU
		{54131D1D-4721-49B8-8CD5-18B4E194782A}.Release|Any CPU.ActiveCfg = Release|Any CPU
		{54131D1D-4721-49B8-8CD5-18B4E194782A}.Release|Any CPU.Build.0 = Release|Any CPU
		{3DAA7A7B-00D3-4441-B7BA-3333A49F3C5F}.Debug|Any CPU.ActiveCfg = Debug|Any CPU
		{3DAA7A7B-00D3-4441-B7BA-3333A49F3C5F}.Debug|Any CPU.Build.0 = Debug|Any CPU
		{3DAA7A7B-00D3-4441-B7BA-3333A49F3C5F}.Release|Any CPU.ActiveCfg = Release|Any CPU
		{3DAA7A7B-00D3-4441-B7BA-3333A49F3C5F}.Release|Any CPU.Build.0 = Release|Any CPU
		{82575A15-45C5-41B0-BABC-4ADC8549DA98}.Debug|Any CPU.ActiveCfg = Debug|Any CPU
		{82575A15-45C5-41B0-BABC-4ADC8549DA98}.Debug|Any CPU.Build.0 = Debug|Any CPU
		{82575A15-45C5-41B0-BABC-4ADC8549DA98}.Release|Any CPU.ActiveCfg = Release|Any CPU
		{82575A15-45C5-41B0-BABC-4ADC8549DA98}.Release|Any CPU.Build.0 = Release|Any CPU
		{E38F476E-97F9-4CC9-8C69-01A099A53A2F}.Debug|Any CPU.ActiveCfg = Debug|Any CPU
		{E38F476E-97F9-4CC9-8C69-01A099A53A2F}.Debug|Any CPU.Build.0 = Debug|Any CPU
		{E38F476E-97F9-4CC9-8C69-01A099A53A2F}.Release|Any CPU.ActiveCfg = Release|Any CPU
		{E38F476E-97F9-4CC9-8C69-01A099A53A2F}.Release|Any CPU.Build.0 = Release|Any CPU
		{7699C430-9AC4-43EB-9887-4E8006FC2CC4}.Debug|Any CPU.ActiveCfg = Debug|Any CPU
		{7699C430-9AC4-43EB-9887-4E8006FC2CC4}.Debug|Any CPU.Build.0 = Debug|Any CPU
		{7699C430-9AC4-43EB-9887-4E8006FC2CC4}.Release|Any CPU.ActiveCfg = Release|Any CPU
		{7699C430-9AC4-43EB-9887-4E8006FC2CC4}.Release|Any CPU.Build.0 = Release|Any CPU
		{5B12EE7E-D344-4F54-A0BE-146D2BA20D41}.Debug|Any CPU.ActiveCfg = Debug|Any CPU
		{5B12EE7E-D344-4F54-A0BE-146D2BA20D41}.Debug|Any CPU.Build.0 = Debug|Any CPU
		{5B12EE7E-D344-4F54-A0BE-146D2BA20D41}.Release|Any CPU.ActiveCfg = Release|Any CPU
		{5B12EE7E-D344-4F54-A0BE-146D2BA20D41}.Release|Any CPU.Build.0 = Release|Any CPU
		{0F5BE69E-8BF1-45A2-8027-7BE66B0E9E48}.Debug|Any CPU.ActiveCfg = Debug|Any CPU
		{0F5BE69E-8BF1-45A2-8027-7BE66B0E9E48}.Debug|Any CPU.Build.0 = Debug|Any CPU
		{0F5BE69E-8BF1-45A2-8027-7BE66B0E9E48}.Release|Any CPU.ActiveCfg = Release|Any CPU
		{0F5BE69E-8BF1-45A2-8027-7BE66B0E9E48}.Release|Any CPU.Build.0 = Release|Any CPU
		{6B085380-C6B5-4864-A461-028722127DBD}.Debug|Any CPU.ActiveCfg = Debug|Any CPU
		{6B085380-C6B5-4864-A461-028722127DBD}.Debug|Any CPU.Build.0 = Debug|Any CPU
		{6B085380-C6B5-4864-A461-028722127DBD}.Release|Any CPU.ActiveCfg = Release|Any CPU
		{6B085380-C6B5-4864-A461-028722127DBD}.Release|Any CPU.Build.0 = Release|Any CPU
		{5414E358-EFFD-45F8-9654-FAD40D768EDC}.Debug|Any CPU.ActiveCfg = Debug|Any CPU
		{5414E358-EFFD-45F8-9654-FAD40D768EDC}.Debug|Any CPU.Build.0 = Debug|Any CPU
		{5414E358-EFFD-45F8-9654-FAD40D768EDC}.Release|Any CPU.ActiveCfg = Release|Any CPU
		{5414E358-EFFD-45F8-9654-FAD40D768EDC}.Release|Any CPU.Build.0 = Release|Any CPU
		{1CB5C99F-7106-4141-AF46-CC7879921558}.Debug|Any CPU.ActiveCfg = Debug|Any CPU
		{1CB5C99F-7106-4141-AF46-CC7879921558}.Debug|Any CPU.Build.0 = Debug|Any CPU
		{1CB5C99F-7106-4141-AF46-CC7879921558}.Release|Any CPU.ActiveCfg = Release|Any CPU
		{1CB5C99F-7106-4141-AF46-CC7879921558}.Release|Any CPU.Build.0 = Release|Any CPU
		{ED5A3A56-E503-45A8-A383-115385348AF2}.Debug|Any CPU.ActiveCfg = Debug|Any CPU
		{ED5A3A56-E503-45A8-A383-115385348AF2}.Debug|Any CPU.Build.0 = Debug|Any CPU
		{ED5A3A56-E503-45A8-A383-115385348AF2}.Release|Any CPU.ActiveCfg = Release|Any CPU
		{ED5A3A56-E503-45A8-A383-115385348AF2}.Release|Any CPU.Build.0 = Release|Any CPU
		{51AD9E1F-0140-4976-B73E-99C04FD71814}.Debug|Any CPU.ActiveCfg = Debug|Any CPU
		{51AD9E1F-0140-4976-B73E-99C04FD71814}.Debug|Any CPU.Build.0 = Debug|Any CPU
		{51AD9E1F-0140-4976-B73E-99C04FD71814}.Release|Any CPU.ActiveCfg = Release|Any CPU
		{51AD9E1F-0140-4976-B73E-99C04FD71814}.Release|Any CPU.Build.0 = Release|Any CPU
		{DB26A32C-80F0-45C1-ABD7-8A764BB02FD2}.Debug|Any CPU.ActiveCfg = Debug|Any CPU
		{DB26A32C-80F0-45C1-ABD7-8A764BB02FD2}.Debug|Any CPU.Build.0 = Debug|Any CPU
		{DB26A32C-80F0-45C1-ABD7-8A764BB02FD2}.Release|Any CPU.ActiveCfg = Release|Any CPU
		{DB26A32C-80F0-45C1-ABD7-8A764BB02FD2}.Release|Any CPU.Build.0 = Release|Any CPU
		{368826F0-732A-4BFB-8201-2A66424FFC8C}.Debug|Any CPU.ActiveCfg = Debug|Any CPU
		{368826F0-732A-4BFB-8201-2A66424FFC8C}.Debug|Any CPU.Build.0 = Debug|Any CPU
		{368826F0-732A-4BFB-8201-2A66424FFC8C}.Release|Any CPU.ActiveCfg = Release|Any CPU
		{368826F0-732A-4BFB-8201-2A66424FFC8C}.Release|Any CPU.Build.0 = Release|Any CPU
		{B351070B-C3C0-44B4-8C6F-98D03630BBF0}.Debug|Any CPU.ActiveCfg = Debug|Any CPU
		{B351070B-C3C0-44B4-8C6F-98D03630BBF0}.Debug|Any CPU.Build.0 = Debug|Any CPU
		{B351070B-C3C0-44B4-8C6F-98D03630BBF0}.Release|Any CPU.ActiveCfg = Release|Any CPU
		{B351070B-C3C0-44B4-8C6F-98D03630BBF0}.Release|Any CPU.Build.0 = Release|Any CPU
		{79ED2AB5-6B4C-4854-9C3A-49321916C49A}.Debug|Any CPU.ActiveCfg = Debug|Any CPU
		{79ED2AB5-6B4C-4854-9C3A-49321916C49A}.Debug|Any CPU.Build.0 = Debug|Any CPU
		{79ED2AB5-6B4C-4854-9C3A-49321916C49A}.Release|Any CPU.ActiveCfg = Release|Any CPU
		{79ED2AB5-6B4C-4854-9C3A-49321916C49A}.Release|Any CPU.Build.0 = Release|Any CPU
		{18C185D7-8DC7-4195-BCA7-B3329CA76C66}.Debug|Any CPU.ActiveCfg = Debug|Any CPU
		{18C185D7-8DC7-4195-BCA7-B3329CA76C66}.Debug|Any CPU.Build.0 = Debug|Any CPU
		{18C185D7-8DC7-4195-BCA7-B3329CA76C66}.Release|Any CPU.ActiveCfg = Release|Any CPU
		{18C185D7-8DC7-4195-BCA7-B3329CA76C66}.Release|Any CPU.Build.0 = Release|Any CPU
		{81420E45-C0E5-4C42-8A6B-919014B951B5}.Debug|Any CPU.ActiveCfg = Debug|Any CPU
		{81420E45-C0E5-4C42-8A6B-919014B951B5}.Debug|Any CPU.Build.0 = Debug|Any CPU
		{81420E45-C0E5-4C42-8A6B-919014B951B5}.Release|Any CPU.ActiveCfg = Release|Any CPU
		{81420E45-C0E5-4C42-8A6B-919014B951B5}.Release|Any CPU.Build.0 = Release|Any CPU
		{98C27193-2F71-474D-B3D3-8BA084EBD115}.Debug|Any CPU.ActiveCfg = Debug|Any CPU
		{98C27193-2F71-474D-B3D3-8BA084EBD115}.Debug|Any CPU.Build.0 = Debug|Any CPU
		{98C27193-2F71-474D-B3D3-8BA084EBD115}.Release|Any CPU.ActiveCfg = Release|Any CPU
		{98C27193-2F71-474D-B3D3-8BA084EBD115}.Release|Any CPU.Build.0 = Release|Any CPU
		{6EAB5380-6752-4823-A219-979A7B141D9B}.Debug|Any CPU.ActiveCfg = Debug|Any CPU
		{6EAB5380-6752-4823-A219-979A7B141D9B}.Debug|Any CPU.Build.0 = Debug|Any CPU
		{6EAB5380-6752-4823-A219-979A7B141D9B}.Release|Any CPU.ActiveCfg = Release|Any CPU
		{6EAB5380-6752-4823-A219-979A7B141D9B}.Release|Any CPU.Build.0 = Release|Any CPU
		{5EFF4EA2-3C57-4811-A304-17D044A4563F}.Debug|Any CPU.ActiveCfg = Debug|Any CPU
		{5EFF4EA2-3C57-4811-A304-17D044A4563F}.Debug|Any CPU.Build.0 = Debug|Any CPU
		{5EFF4EA2-3C57-4811-A304-17D044A4563F}.Release|Any CPU.ActiveCfg = Release|Any CPU
		{5EFF4EA2-3C57-4811-A304-17D044A4563F}.Release|Any CPU.Build.0 = Release|Any CPU
	EndGlobalSection
	GlobalSection(SolutionProperties) = preSolution
		HideSolutionNode = FALSE
	EndGlobalSection
	GlobalSection(NestedProjects) = preSolution
		{FDAF49AC-B1D2-492C-A7E7-137EA19BB00C} = {E9E0E23C-8584-46E1-9C51-33C3E699A39C}
		{E88A84C2-6E76-4535-ACB6-59605DE8A80A} = {61D58289-3E2A-4D42-969D-F71CFC28D462}
		{3EB28BF2-4207-4520-A73E-8D1093665814} = {61D58289-3E2A-4D42-969D-F71CFC28D462}
		{BA4FB700-3F62-4054-A53A-B7FCDD2C60C0} = {9ABEABAC-0375-4CAA-9166-577A74878433}
		{8C5FE621-7A92-4942-959C-752BE6D8F074} = {9ABEABAC-0375-4CAA-9166-577A74878433}
		{4C2BA34E-B545-48CC-8C80-E8B1C41605DE} = {51CABEFC-3C8B-4599-88FB-D3E29734B372}
		{54131D1D-4721-49B8-8CD5-18B4E194782A} = {51CABEFC-3C8B-4599-88FB-D3E29734B372}
		{3DAA7A7B-00D3-4441-B7BA-3333A49F3C5F} = {6126AA32-418B-454E-BB37-4478C308E5AD}
		{82575A15-45C5-41B0-BABC-4ADC8549DA98} = {6126AA32-418B-454E-BB37-4478C308E5AD}
		{E38F476E-97F9-4CC9-8C69-01A099A53A2F} = {6126AA32-418B-454E-BB37-4478C308E5AD}
		{7699C430-9AC4-43EB-9887-4E8006FC2CC4} = {AE8D5911-02EB-4D85-8D84-100EE0C73E08}
		{5B12EE7E-D344-4F54-A0BE-146D2BA20D41} = {E876442F-FF0F-415F-86DD-E530E380FA1F}
		{0F5BE69E-8BF1-45A2-8027-7BE66B0E9E48} = {B5026B5C-7D7F-4E2F-84CD-A28753FE6CE9}
		{6B085380-C6B5-4864-A461-028722127DBD} = {8F3FB4A4-9288-4E11-B047-819F90D5D787}
		{5414E358-EFFD-45F8-9654-FAD40D768EDC} = {BEFB30F0-6FE2-49AA-B909-F18142D4FD12}
		{1CB5C99F-7106-4141-AF46-CC7879921558} = {B865847D-4BFB-4892-A387-AA976789280E}
		{ED5A3A56-E503-45A8-A383-115385348AF2} = {6BD649FC-056A-4BBF-81CC-0D9CD2DB6176}
		{51AD9E1F-0140-4976-B73E-99C04FD71814} = {7939367A-B09F-4156-868E-DD3479E9C3DD}
		{AE8D5911-02EB-4D85-8D84-100EE0C73E08} = {1BAE0076-5EFF-432E-AB14-06CC66B6BF90}
		{8F3FB4A4-9288-4E11-B047-819F90D5D787} = {1BAE0076-5EFF-432E-AB14-06CC66B6BF90}
		{BEFB30F0-6FE2-49AA-B909-F18142D4FD12} = {1BAE0076-5EFF-432E-AB14-06CC66B6BF90}
		{6BD649FC-056A-4BBF-81CC-0D9CD2DB6176} = {1BAE0076-5EFF-432E-AB14-06CC66B6BF90}
		{E876442F-FF0F-415F-86DD-E530E380FA1F} = {1BAE0076-5EFF-432E-AB14-06CC66B6BF90}
		{B865847D-4BFB-4892-A387-AA976789280E} = {1BAE0076-5EFF-432E-AB14-06CC66B6BF90}
		{B5026B5C-7D7F-4E2F-84CD-A28753FE6CE9} = {1BAE0076-5EFF-432E-AB14-06CC66B6BF90}
		{7939367A-B09F-4156-868E-DD3479E9C3DD} = {1BAE0076-5EFF-432E-AB14-06CC66B6BF90}
		{DB26A32C-80F0-45C1-ABD7-8A764BB02FD2} = {6BD649FC-056A-4BBF-81CC-0D9CD2DB6176}
		{FA33E82F-D198-409B-8CF0-3175C41FF376} = {1BAE0076-5EFF-432E-AB14-06CC66B6BF90}
		{368826F0-732A-4BFB-8201-2A66424FFC8C} = {FA33E82F-D198-409B-8CF0-3175C41FF376}
		{C0A99CEA-B726-45F3-8BA4-C14D73F7AE67} = {1BAE0076-5EFF-432E-AB14-06CC66B6BF90}
		{B351070B-C3C0-44B4-8C6F-98D03630BBF0} = {C0A99CEA-B726-45F3-8BA4-C14D73F7AE67}
		{79ED2AB5-6B4C-4854-9C3A-49321916C49A} = {C0A99CEA-B726-45F3-8BA4-C14D73F7AE67}
		{18C185D7-8DC7-4195-BCA7-B3329CA76C66} = {8F3FB4A4-9288-4E11-B047-819F90D5D787}
		{D1573FBD-33B4-44DC-B289-480EB6B791B6} = {1BAE0076-5EFF-432E-AB14-06CC66B6BF90}
		{81420E45-C0E5-4C42-8A6B-919014B951B5} = {D1573FBD-33B4-44DC-B289-480EB6B791B6}
		{3DB6AB5B-FAF8-4DE9-BA40-109075669AFA} = {1BAE0076-5EFF-432E-AB14-06CC66B6BF90}
		{98C27193-2F71-474D-B3D3-8BA084EBD115} = {3DB6AB5B-FAF8-4DE9-BA40-109075669AFA}
		{F1E65356-CCD1-4C2C-9FF4-85C64352F2F8} = {1BAE0076-5EFF-432E-AB14-06CC66B6BF90}
		{6EAB5380-6752-4823-A219-979A7B141D9B} = {F1E65356-CCD1-4C2C-9FF4-85C64352F2F8}
		{5EFF4EA2-3C57-4811-A304-17D044A4563F} = {F1E65356-CCD1-4C2C-9FF4-85C64352F2F8}
	EndGlobalSection
	GlobalSection(ExtensibilityGlobals) = postSolution
		SolutionGuid = {DF789A0A-4FC2-42BE-8093-0C3CF5410BE5}
	EndGlobalSection
	GlobalSection(CodealikeProperties) = postSolution
		SolutionGuid = eede38c5-a915-41d1-a0b0-d7eeaa0bcca9
	EndGlobalSection
EndGlobal
